
Microsoft Visual Studio Solution File, Format Version 12.00
# Visual Studio 14
VisualStudioVersion = 14.0.25420.1
MinimumVisualStudioVersion = 10.0.40219.1
Project("{8BC9CEB8-8B4A-11D0-8D11-00A0C91BC942}") = "PMSHJ", "PMSHJ.vcxproj", "{A48D59DE-B9F2-457F-BBE1-16674E84CD1E}"
EndProject
Project("{54435603-DBB4-11D2-8724-00A0C9A8B90C}") = "PMSHJ Setup", "Setup\PMSHJ Setup\PMSHJ Setup.vdproj", "{065D31EC-1C89-400A-AB41-D2AE393332DA}"
EndProject
Global
	GlobalSection(SolutionConfigurationPlatforms) = preSolution
		Debug|x64 = Debug|x64
		Debug|x86 = Debug|x86
		Release|x64 = Release|x64
		Release|x86 = Release|x86
	EndGlobalSection
	GlobalSection(ProjectConfigurationPlatforms) = postSolution
		{A48D59DE-B9F2-457F-BBE1-16674E84CD1E}.Debug|x64.ActiveCfg = Debug|x64
		{A48D59DE-B9F2-457F-BBE1-16674E84CD1E}.Debug|x64.Build.0 = Debug|x64
		{A48D59DE-B9F2-457F-BBE1-16674E84CD1E}.Debug|x86.ActiveCfg = Debug|Win32
		{A48D59DE-B9F2-457F-BBE1-16674E84CD1E}.Debug|x86.Build.0 = Debug|Win32
		{A48D59DE-B9F2-457F-BBE1-16674E84CD1E}.Release|x64.ActiveCfg = Release|x64
		{A48D59DE-B9F2-457F-BBE1-16674E84CD1E}.Release|x64.Build.0 = Release|x64
		{A48D59DE-B9F2-457F-BBE1-16674E84CD1E}.Release|x86.ActiveCfg = Release|Win32
		{A48D59DE-B9F2-457F-BBE1-16674E84CD1E}.Release|x86.Build.0 = Release|Win32
		{065D31EC-1C89-400A-AB41-D2AE393332DA}.Debug|x64.ActiveCfg = Debug
		{065D31EC-1C89-400A-AB41-D2AE393332DA}.Debug|x86.ActiveCfg = Debug
		{065D31EC-1C89-400A-AB41-D2AE393332DA}.Release|x64.ActiveCfg = Release
		{065D31EC-1C89-400A-AB41-D2AE393332DA}.Release|x86.ActiveCfg = Release
	EndGlobalSection
	GlobalSection(SolutionProperties) = preSolution
		HideSolutionNode = FALSE
	EndGlobalSection
EndGlobal
